
Microsoft Visual Studio Solution File, Format Version 12.00
# Visual Studio 15
VisualStudioVersion = 15.0.28307.1831
MinimumVisualStudioVersion = 10.0.40219.1
Project("{FAE04EC0-301F-11D3-BF4B-00C04F79EFBC}") = "Telegram-Bot", "Telegram-Bot\Telegram-Bot.csproj", "{1BEFD97A-F4AA-4E2B-999A-F15B7B80BA91}"
EndProject
Global
	GlobalSection(SolutionConfigurationPlatforms) = preSolution
		Debug|Any CPU = Debug|Any CPU
		Release|Any CPU = Release|Any CPU
	EndGlobalSection
	GlobalSection(ProjectConfigurationPlatforms) = postSolution
		{1BEFD97A-F4AA-4E2B-999A-F15B7B80BA91}.Debug|Any CPU.ActiveCfg = Debug|Any CPU
		{1BEFD97A-F4AA-4E2B-999A-F15B7B80BA91}.Debug|Any CPU.Build.0 = Debug|Any CPU
		{1BEFD97A-F4AA-4E2B-999A-F15B7B80BA91}.Release|Any CPU.ActiveCfg = Release|Any CPU
		{1BEFD97A-F4AA-4E2B-999A-F15B7B80BA91}.Release|Any CPU.Build.0 = Release|Any CPU
	EndGlobalSection
	GlobalSection(SolutionProperties) = preSolution
		HideSolutionNode = FALSE
	EndGlobalSection
	GlobalSection(ExtensibilityGlobals) = postSolution
		SolutionGuid = {6E03F797-8731-4635-933F-317F179F25DE}
	EndGlobalSection
EndGlobal
